// !$*UTF8*$!
{
	archiveVersion = 1;
	classes = {
	};
	objectVersion = 46;
	objects = {

/* Begin PBXBuildFile section */
		BE5445031D98371C0050AA67 /* AppDelegate.swift in Sources */ = {isa = PBXBuildFile; fileRef = BE5445021D98371C0050AA67 /* AppDelegate.swift */; };
		BE5445051D98371C0050AA67 /* MasterViewController.swift in Sources */ = {isa = PBXBuildFile; fileRef = BE5445041D98371C0050AA67 /* MasterViewController.swift */; };
		BE5445071D98371C0050AA67 /* DetailViewController.swift in Sources */ = {isa = PBXBuildFile; fileRef = BE5445061D98371C0050AA67 /* DetailViewController.swift */; };
		BE54450A1D98371C0050AA67 /* Main.storyboard in Resources */ = {isa = PBXBuildFile; fileRef = BE5445081D98371C0050AA67 /* Main.storyboard */; };
		BE54450C1D98371C0050AA67 /* Assets.xcassets in Resources */ = {isa = PBXBuildFile; fileRef = BE54450B1D98371C0050AA67 /* Assets.xcassets */; };
		BE54450F1D98371C0050AA67 /* LaunchScreen.storyboard in Resources */ = {isa = PBXBuildFile; fileRef = BE54450D1D98371C0050AA67 /* LaunchScreen.storyboard */; };
		BE54451A1D98371C0050AA67 /* WeatherTests.swift in Sources */ = {isa = PBXBuildFile; fileRef = BE5445191D98371C0050AA67 /* WeatherTests.swift */; };
		BE5445251D98371C0050AA67 /* WeatherUITests.swift in Sources */ = {isa = PBXBuildFile; fileRef = BE5445241D98371C0050AA67 /* WeatherUITests.swift */; };
		BE5574A31D98549300DE7F0E /* WeatherAPIService.swift in Sources */ = {isa = PBXBuildFile; fileRef = BE5574A21D98549300DE7F0E /* WeatherAPIService.swift */; };
		BE6ACA0D1D98697D000010FC /* CityWeather.swift in Sources */ = {isa = PBXBuildFile; fileRef = BE6ACA0C1D98697D000010FC /* CityWeather.swift */; };
/* End PBXBuildFile section */

/* Begin PBXContainerItemProxy section */
		BE5445161D98371C0050AA67 /* PBXContainerItemProxy */ = {
			isa = PBXContainerItemProxy;
			containerPortal = BE5444F71D98371C0050AA67 /* Project object */;
			proxyType = 1;
			remoteGlobalIDString = BE5444FE1D98371C0050AA67;
			remoteInfo = Weather;
		};
		BE5445211D98371C0050AA67 /* PBXContainerItemProxy */ = {
			isa = PBXContainerItemProxy;
			containerPortal = BE5444F71D98371C0050AA67 /* Project object */;
			proxyType = 1;
			remoteGlobalIDString = BE5444FE1D98371C0050AA67;
			remoteInfo = Weather;
		};
/* End PBXContainerItemProxy section */

/* Begin PBXFileReference section */
		BE5444FF1D98371C0050AA67 /* Weather.app */ = {isa = PBXFileReference; explicitFileType = wrapper.application; includeInIndex = 0; path = Weather.app; sourceTree = BUILT_PRODUCTS_DIR; };
		BE5445021D98371C0050AA67 /* AppDelegate.swift */ = {isa = PBXFileReference; lastKnownFileType = sourcecode.swift; path = AppDelegate.swift; sourceTree = "<group>"; };
		BE5445041D98371C0050AA67 /* MasterViewController.swift */ = {isa = PBXFileReference; lastKnownFileType = sourcecode.swift; path = MasterViewController.swift; sourceTree = "<group>"; };
		BE5445061D98371C0050AA67 /* DetailViewController.swift */ = {isa = PBXFileReference; lastKnownFileType = sourcecode.swift; path = DetailViewController.swift; sourceTree = "<group>"; };
		BE5445091D98371C0050AA67 /* Base */ = {isa = PBXFileReference; lastKnownFileType = file.storyboard; name = Base; path = Base.lproj/Main.storyboard; sourceTree = "<group>"; };
		BE54450B1D98371C0050AA67 /* Assets.xcassets */ = {isa = PBXFileReference; lastKnownFileType = folder.assetcatalog; path = Assets.xcassets; sourceTree = "<group>"; };
		BE54450E1D98371C0050AA67 /* Base */ = {isa = PBXFileReference; lastKnownFileType = file.storyboard; name = Base; path = Base.lproj/LaunchScreen.storyboard; sourceTree = "<group>"; };
		BE5445101D98371C0050AA67 /* Info.plist */ = {isa = PBXFileReference; lastKnownFileType = text.plist.xml; path = Info.plist; sourceTree = "<group>"; };
		BE5445151D98371C0050AA67 /* WeatherTests.xctest */ = {isa = PBXFileReference; explicitFileType = wrapper.cfbundle; includeInIndex = 0; path = WeatherTests.xctest; sourceTree = BUILT_PRODUCTS_DIR; };
		BE5445191D98371C0050AA67 /* WeatherTests.swift */ = {isa = PBXFileReference; lastKnownFileType = sourcecode.swift; path = WeatherTests.swift; sourceTree = "<group>"; };
		BE54451B1D98371C0050AA67 /* Info.plist */ = {isa = PBXFileReference; lastKnownFileType = text.plist.xml; path = Info.plist; sourceTree = "<group>"; };
		BE5445201D98371C0050AA67 /* WeatherUITests.xctest */ = {isa = PBXFileReference; explicitFileType = wrapper.cfbundle; includeInIndex = 0; path = WeatherUITests.xctest; sourceTree = BUILT_PRODUCTS_DIR; };
		BE5445241D98371C0050AA67 /* WeatherUITests.swift */ = {isa = PBXFileReference; lastKnownFileType = sourcecode.swift; path = WeatherUITests.swift; sourceTree = "<group>"; };
		BE5445261D98371C0050AA67 /* Info.plist */ = {isa = PBXFileReference; lastKnownFileType = text.plist.xml; path = Info.plist; sourceTree = "<group>"; };
		BE5574A21D98549300DE7F0E /* WeatherAPIService.swift */ = {isa = PBXFileReference; fileEncoding = 4; lastKnownFileType = sourcecode.swift; path = WeatherAPIService.swift; sourceTree = "<group>"; };
		BE6ACA0C1D98697D000010FC /* CityWeather.swift */ = {isa = PBXFileReference; fileEncoding = 4; lastKnownFileType = sourcecode.swift; path = CityWeather.swift; sourceTree = "<group>"; };
/* End PBXFileReference section */

/* Begin PBXFrameworksBuildPhase section */
		BE5444FC1D98371C0050AA67 /* Frameworks */ = {
			isa = PBXFrameworksBuildPhase;
			buildActionMask = 2147483647;
			files = (
			);
			runOnlyForDeploymentPostprocessing = 0;
		};
		BE5445121D98371C0050AA67 /* Frameworks */ = {
			isa = PBXFrameworksBuildPhase;
			buildActionMask = 2147483647;
			files = (
			);
			runOnlyForDeploymentPostprocessing = 0;
		};
		BE54451D1D98371C0050AA67 /* Frameworks */ = {
			isa = PBXFrameworksBuildPhase;
			buildActionMask = 2147483647;
			files = (
			);
			runOnlyForDeploymentPostprocessing = 0;
		};
/* End PBXFrameworksBuildPhase section */

/* Begin PBXGroup section */
		BE5444F61D98371C0050AA67 = {
			isa = PBXGroup;
			children = (
				BE5445011D98371C0050AA67 /* Weather */,
				BE5445181D98371C0050AA67 /* WeatherTests */,
				BE5445231D98371C0050AA67 /* WeatherUITests */,
				BE5445001D98371C0050AA67 /* Products */,
			);
			sourceTree = "<group>";
		};
		BE5445001D98371C0050AA67 /* Products */ = {
			isa = PBXGroup;
			children = (
				BE5444FF1D98371C0050AA67 /* Weather.app */,
				BE5445151D98371C0050AA67 /* WeatherTests.xctest */,
				BE5445201D98371C0050AA67 /* WeatherUITests.xctest */,
			);
			name = Products;
			sourceTree = "<group>";
		};
		BE5445011D98371C0050AA67 /* Weather */ = {
			isa = PBXGroup;
			children = (
				BE6ACA0B1D986960000010FC /* Models */,
				BE5574A11D98546600DE7F0E /* Services */,
				BE5445021D98371C0050AA67 /* AppDelegate.swift */,
				BE5445041D98371C0050AA67 /* MasterViewController.swift */,
				BE5445061D98371C0050AA67 /* DetailViewController.swift */,
				BE5445081D98371C0050AA67 /* Main.storyboard */,
				BE54450B1D98371C0050AA67 /* Assets.xcassets */,
				BE54450D1D98371C0050AA67 /* LaunchScreen.storyboard */,
				BE5445101D98371C0050AA67 /* Info.plist */,
			);
			path = Weather;
			sourceTree = "<group>";
		};
		BE5445181D98371C0050AA67 /* WeatherTests */ = {
			isa = PBXGroup;
			children = (
				BE5445191D98371C0050AA67 /* WeatherTests.swift */,
				BE54451B1D98371C0050AA67 /* Info.plist */,
			);
			path = WeatherTests;
			sourceTree = "<group>";
		};
		BE5445231D98371C0050AA67 /* WeatherUITests */ = {
			isa = PBXGroup;
			children = (
				BE5445241D98371C0050AA67 /* WeatherUITests.swift */,
				BE5445261D98371C0050AA67 /* Info.plist */,
			);
			path = WeatherUITests;
			sourceTree = "<group>";
		};
		BE5574A11D98546600DE7F0E /* Services */ = {
			isa = PBXGroup;
			children = (
				BE5574A21D98549300DE7F0E /* WeatherAPIService.swift */,
			);
			name = Services;
			sourceTree = "<group>";
		};
		BE6ACA0B1D986960000010FC /* Models */ = {
			isa = PBXGroup;
			children = (
				BE6ACA0C1D98697D000010FC /* CityWeather.swift */,
			);
			name = Models;
			sourceTree = "<group>";
		};
/* End PBXGroup section */

/* Begin PBXNativeTarget section */
		BE5444FE1D98371C0050AA67 /* Weather */ = {
			isa = PBXNativeTarget;
			buildConfigurationList = BE5445291D98371C0050AA67 /* Build configuration list for PBXNativeTarget "Weather" */;
			buildPhases = (
				BE5444FB1D98371C0050AA67 /* Sources */,
				BE5444FC1D98371C0050AA67 /* Frameworks */,
				BE5444FD1D98371C0050AA67 /* Resources */,
			);
			buildRules = (
			);
			dependencies = (
			);
			name = Weather;
			productName = Weather;
			productReference = BE5444FF1D98371C0050AA67 /* Weather.app */;
			productType = "com.apple.product-type.application";
		};
		BE5445141D98371C0050AA67 /* WeatherTests */ = {
			isa = PBXNativeTarget;
			buildConfigurationList = BE54452C1D98371C0050AA67 /* Build configuration list for PBXNativeTarget "WeatherTests" */;
			buildPhases = (
				BE5445111D98371C0050AA67 /* Sources */,
				BE5445121D98371C0050AA67 /* Frameworks */,
				BE5445131D98371C0050AA67 /* Resources */,
			);
			buildRules = (
			);
			dependencies = (
				BE5445171D98371C0050AA67 /* PBXTargetDependency */,
			);
			name = WeatherTests;
			productName = WeatherTests;
			productReference = BE5445151D98371C0050AA67 /* WeatherTests.xctest */;
			productType = "com.apple.product-type.bundle.unit-test";
		};
		BE54451F1D98371C0050AA67 /* WeatherUITests */ = {
			isa = PBXNativeTarget;
			buildConfigurationList = BE54452F1D98371C0050AA67 /* Build configuration list for PBXNativeTarget "WeatherUITests" */;
			buildPhases = (
				BE54451C1D98371C0050AA67 /* Sources */,
				BE54451D1D98371C0050AA67 /* Frameworks */,
				BE54451E1D98371C0050AA67 /* Resources */,
			);
			buildRules = (
			);
			dependencies = (
				BE5445221D98371C0050AA67 /* PBXTargetDependency */,
			);
			name = WeatherUITests;
			productName = WeatherUITests;
			productReference = BE5445201D98371C0050AA67 /* WeatherUITests.xctest */;
			productType = "com.apple.product-type.bundle.ui-testing";
		};
/* End PBXNativeTarget section */

/* Begin PBXProject section */
		BE5444F71D98371C0050AA67 /* Project object */ = {
			isa = PBXProject;
			attributes = {
				LastSwiftUpdateCheck = 0730;
				LastUpgradeCheck = 0730;
				ORGANIZATIONNAME = Control4;
				TargetAttributes = {
					BE5444FE1D98371C0050AA67 = {
						CreatedOnToolsVersion = 7.3;
					};
					BE5445141D98371C0050AA67 = {
						CreatedOnToolsVersion = 7.3;
						TestTargetID = BE5444FE1D98371C0050AA67;
					};
					BE54451F1D98371C0050AA67 = {
						CreatedOnToolsVersion = 7.3;
						TestTargetID = BE5444FE1D98371C0050AA67;
					};
				};
			};
			buildConfigurationList = BE5444FA1D98371C0050AA67 /* Build configuration list for PBXProject "Weather" */;
			compatibilityVersion = "Xcode 3.2";
			developmentRegion = English;
			hasScannedForEncodings = 0;
			knownRegions = (
				en,
				Base,
			);
			mainGroup = BE5444F61D98371C0050AA67;
			productRefGroup = BE5445001D98371C0050AA67 /* Products */;
			projectDirPath = "";
			projectRoot = "";
			targets = (
				BE5444FE1D98371C0050AA67 /* Weather */,
				BE5445141D98371C0050AA67 /* WeatherTests */,
				BE54451F1D98371C0050AA67 /* WeatherUITests */,
			);
		};
/* End PBXProject section */

/* Begin PBXResourcesBuildPhase section */
		BE5444FD1D98371C0050AA67 /* Resources */ = {
			isa = PBXResourcesBuildPhase;
			buildActionMask = 2147483647;
			files = (
				BE54450F1D98371C0050AA67 /* LaunchScreen.storyboard in Resources */,
				BE54450C1D98371C0050AA67 /* Assets.xcassets in Resources */,
				BE54450A1D98371C0050AA67 /* Main.storyboard in Resources */,
			);
			runOnlyForDeploymentPostprocessing = 0;
		};
		BE5445131D98371C0050AA67 /* Resources */ = {
			isa = PBXResourcesBuildPhase;
			buildActionMask = 2147483647;
			files = (
			);
			runOnlyForDeploymentPostprocessing = 0;
		};
		BE54451E1D98371C0050AA67 /* Resources */ = {
			isa = PBXResourcesBuildPhase;
			buildActionMask = 2147483647;
			files = (
			);
			runOnlyForDeploymentPostprocessing = 0;
		};
/* End PBXResourcesBuildPhase section */

/* Begin PBXSourcesBuildPhase section */
		BE5444FB1D98371C0050AA67 /* Sources */ = {
			isa = PBXSourcesBuildPhase;
			buildActionMask = 2147483647;
			files = (
				BE5445071D98371C0050AA67 /* DetailViewController.swift in Sources */,
				BE5574A31D98549300DE7F0E /* WeatherAPIService.swift in Sources */,
				BE5445051D98371C0050AA67 /* MasterViewController.swift in Sources */,
				BE5445031D98371C0050AA67 /* AppDelegate.swift in Sources */,
				BE6ACA0D1D98697D000010FC /* CityWeather.swift in Sources */,
			);
			runOnlyForDeploymentPostprocessing = 0;
		};
		BE5445111D98371C0050AA67 /* Sources */ = {
			isa = PBXSourcesBuildPhase;
			buildActionMask = 2147483647;
			files = (
				BE54451A1D98371C0050AA67 /* WeatherTests.swift in Sources */,
			);
			runOnlyForDeploymentPostprocessing = 0;
		};
		BE54451C1D98371C0050AA67 /* Sources */ = {
			isa = PBXSourcesBuildPhase;
			buildActionMask = 2147483647;
			files = (
				BE5445251D98371C0050AA67 /* WeatherUITests.swift in Sources */,
			);
			runOnlyForDeploymentPostprocessing = 0;
		};
/* End PBXSourcesBuildPhase section */

/* Begin PBXTargetDependency section */
		BE5445171D98371C0050AA67 /* PBXTargetDependency */ = {
			isa = PBXTargetDependency;
			target = BE5444FE1D98371C0050AA67 /* Weather */;
			targetProxy = BE5445161D98371C0050AA67 /* PBXContainerItemProxy */;
		};
		BE5445221D98371C0050AA67 /* PBXTargetDependency */ = {
			isa = PBXTargetDependency;
			target = BE5444FE1D98371C0050AA67 /* Weather */;
			targetProxy = BE5445211D98371C0050AA67 /* PBXContainerItemProxy */;
		};
/* End PBXTargetDependency section */

/* Begin PBXVariantGroup section */
		BE5445081D98371C0050AA67 /* Main.storyboard */ = {
			isa = PBXVariantGroup;
			children = (
				BE5445091D98371C0050AA67 /* Base */,
			);
			name = Main.storyboard;
			sourceTree = "<group>";
		};
		BE54450D1D98371C0050AA67 /* LaunchScreen.storyboard */ = {
			isa = PBXVariantGroup;
			children = (
				BE54450E1D98371C0050AA67 /* Base */,
			);
			name = LaunchScreen.storyboard;
			sourceTree = "<group>";
		};
/* End PBXVariantGroup section */

/* Begin XCBuildConfiguration section */
		BE5445271D98371C0050AA67 /* Debug */ = {
			isa = XCBuildConfiguration;
			buildSettings = {
				ALWAYS_SEARCH_USER_PATHS = NO;
				CLANG_ANALYZER_NONNULL = YES;
				CLANG_CXX_LANGUAGE_STANDARD = "gnu++0x";
				CLANG_CXX_LIBRARY = "libc++";
				CLANG_ENABLE_MODULES = YES;
				CLANG_ENABLE_OBJC_ARC = YES;
				CLANG_WARN_BOOL_CONVERSION = YES;
				CLANG_WARN_CONSTANT_CONVERSION = YES;
				CLANG_WARN_DIRECT_OBJC_ISA_USAGE = YES_ERROR;
				CLANG_WARN_EMPTY_BODY = YES;
				CLANG_WARN_ENUM_CONVERSION = YES;
				CLANG_WARN_INT_CONVERSION = YES;
				CLANG_WARN_OBJC_ROOT_CLASS = YES_ERROR;
				CLANG_WARN_UNREACHABLE_CODE = YES;
				CLANG_WARN__DUPLICATE_METHOD_MATCH = YES;
				"CODE_SIGN_IDENTITY[sdk=iphoneos*]" = "iPhone Developer";
				COPY_PHASE_STRIP = NO;
				DEBUG_INFORMATION_FORMAT = dwarf;
				ENABLE_STRICT_OBJC_MSGSEND = YES;
				ENABLE_TESTABILITY = YES;
				GCC_C_LANGUAGE_STANDARD = gnu99;
				GCC_DYNAMIC_NO_PIC = NO;
				GCC_NO_COMMON_BLOCKS = YES;
				GCC_OPTIMIZATION_LEVEL = 0;
				GCC_PREPROCESSOR_DEFINITIONS = (
					"DEBUG=1",
					"$(inherited)",
				);
				GCC_WARN_64_TO_32_BIT_CONVERSION = YES;
				GCC_WARN_ABOUT_RETURN_TYPE = YES_ERROR;
				GCC_WARN_UNDECLARED_SELECTOR = YES;
				GCC_WARN_UNINITIALIZED_AUTOS = YES_AGGRESSIVE;
				GCC_WARN_UNUSED_FUNCTION = YES;
				GCC_WARN_UNUSED_VARIABLE = YES;
				IPHONEOS_DEPLOYMENT_TARGET = 9.3;
				MTL_ENABLE_DEBUG_INFO = YES;
				ONLY_ACTIVE_ARCH = YES;
				SDKROOT = iphoneos;
				SWIFT_OPTIMIZATION_LEVEL = "-Onone";
			};
			name = Debug;
		};
		BE5445281D98371C0050AA67 /* Release */ = {
			isa = XCBuildConfiguration;
			buildSettings = {
				ALWAYS_SEARCH_USER_PATHS = NO;
				CLANG_ANALYZER_NONNULL = YES;
				CLANG_CXX_LANGUAGE_STANDARD = "gnu++0x";
				CLANG_CXX_LIBRARY = "libc++";
				CLANG_ENABLE_MODULES = YES;
				CLANG_ENABLE_OBJC_ARC = YES;
				CLANG_WARN_BOOL_CONVERSION = YES;
				CLANG_WARN_CONSTANT_CONVERSION = YES;
				CLANG_WARN_DIRECT_OBJC_ISA_USAGE = YES_ERROR;
				CLANG_WARN_EMPTY_BODY = YES;
				CLANG_WARN_ENUM_CONVERSION = YES;
				CLANG_WARN_INT_CONVERSION = YES;
				CLANG_WARN_OBJC_ROOT_CLASS = YES_ERROR;
				CLANG_WARN_UNREACHABLE_CODE = YES;
				CLANG_WARN__DUPLICATE_METHOD_MATCH = YES;
				"CODE_SIGN_IDENTITY[sdk=iphoneos*]" = "iPhone Developer";
				COPY_PHASE_STRIP = NO;
				DEBUG_INFORMATION_FORMAT = "dwarf-with-dsym";
				ENABLE_NS_ASSERTIONS = NO;
				ENABLE_STRICT_OBJC_MSGSEND = YES;
				GCC_C_LANGUAGE_STANDARD = gnu99;
				GCC_NO_COMMON_BLOCKS = YES;
				GCC_WARN_64_TO_32_BIT_CONVERSION = YES;
				GCC_WARN_ABOUT_RETURN_TYPE = YES_ERROR;
				GCC_WARN_UNDECLARED_SELECTOR = YES;
				GCC_WARN_UNINITIALIZED_AUTOS = YES_AGGRESSIVE;
				GCC_WARN_UNUSED_FUNCTION = YES;
				GCC_WARN_UNUSED_VARIABLE = YES;
				IPHONEOS_DEPLOYMENT_TARGET = 9.3;
				MTL_ENABLE_DEBUG_INFO = NO;
				SDKROOT = iphoneos;
				VALIDATE_PRODUCT = YES;
			};
			name = Release;
		};
		BE54452A1D98371C0050AA67 /* Debug */ = {
			isa = XCBuildConfiguration;
			buildSettings = {
				ASSETCATALOG_COMPILER_APPICON_NAME = AppIcon;
				INFOPLIST_FILE = Weather/Info.plist;
				LD_RUNPATH_SEARCH_PATHS = "$(inherited) @executable_path/Frameworks";
				PRODUCT_BUNDLE_IDENTIFIER = control4.Weather;
				PRODUCT_NAME = "$(TARGET_NAME)";
			};
			name = Debug;
		};
		BE54452B1D98371C0050AA67 /* Release */ = {
			isa = XCBuildConfiguration;
			buildSettings = {
				ASSETCATALOG_COMPILER_APPICON_NAME = AppIcon;
				INFOPLIST_FILE = Weather/Info.plist;
				LD_RUNPATH_SEARCH_PATHS = "$(inherited) @executable_path/Frameworks";
				PRODUCT_BUNDLE_IDENTIFIER = control4.Weather;
				PRODUCT_NAME = "$(TARGET_NAME)";
			};
			name = Release;
		};
		BE54452D1D98371C0050AA67 /* Debug */ = {
			isa = XCBuildConfiguration;
			buildSettings = {
				BUNDLE_LOADER = "$(TEST_HOST)";
				INFOPLIST_FILE = WeatherTests/Info.plist;
				LD_RUNPATH_SEARCH_PATHS = "$(inherited) @executable_path/Frameworks @loader_path/Frameworks";
				PRODUCT_BUNDLE_IDENTIFIER = control4.WeatherTests;
				PRODUCT_NAME = "$(TARGET_NAME)";
				TEST_HOST = "$(BUILT_PRODUCTS_DIR)/Weather.app/Weather";
			};
			name = Debug;
		};
		BE54452E1D98371C0050AA67 /* Release */ = {
			isa = XCBuildConfiguration;
			buildSettings = {
				BUNDLE_LOADER = "$(TEST_HOST)";
				INFOPLIST_FILE = WeatherTests/Info.plist;
				LD_RUNPATH_SEARCH_PATHS = "$(inherited) @executable_path/Frameworks @loader_path/Frameworks";
				PRODUCT_BUNDLE_IDENTIFIER = control4.WeatherTests;
				PRODUCT_NAME = "$(TARGET_NAME)";
				TEST_HOST = "$(BUILT_PRODUCTS_DIR)/Weather.app/Weather";
			};
			name = Release;
		};
		BE5445301D98371C0050AA67 /* Debug */ = {
			isa = XCBuildConfiguration;
			buildSettings = {
				INFOPLIST_FILE = WeatherUITests/Info.plist;
				LD_RUNPATH_SEARCH_PATHS = "$(inherited) @executable_path/Frameworks @loader_path/Frameworks";
				PRODUCT_BUNDLE_IDENTIFIER = control4.WeatherUITests;
				PRODUCT_NAME = "$(TARGET_NAME)";
				TEST_TARGET_NAME = Weather;
			};
			name = Debug;
		};
		BE5445311D98371C0050AA67 /* Release */ = {
			isa = XCBuildConfiguration;
			buildSettings = {
				INFOPLIST_FILE = WeatherUITests/Info.plist;
				LD_RUNPATH_SEARCH_PATHS = "$(inherited) @executable_path/Frameworks @loader_path/Frameworks";
				PRODUCT_BUNDLE_IDENTIFIER = control4.WeatherUITests;
				PRODUCT_NAME = "$(TARGET_NAME)";
				TEST_TARGET_NAME = Weather;
			};
			name = Release;
		};
/* End XCBuildConfiguration section */

/* Begin XCConfigurationList section */
		BE5444FA1D98371C0050AA67 /* Build configuration list for PBXProject "Weather" */ = {
			isa = XCConfigurationList;
			buildConfigurations = (
				BE5445271D98371C0050AA67 /* Debug */,
				BE5445281D98371C0050AA67 /* Release */,
			);
			defaultConfigurationIsVisible = 0;
			defaultConfigurationName = Release;
		};
		BE5445291D98371C0050AA67 /* Build configuration list for PBXNativeTarget "Weather" */ = {
			isa = XCConfigurationList;
			buildConfigurations = (
				BE54452A1D98371C0050AA67 /* Debug */,
				BE54452B1D98371C0050AA67 /* Release */,
			);
			defaultConfigurationIsVisible = 0;
			defaultConfigurationName = Release;
		};
		BE54452C1D98371C0050AA67 /* Build configuration list for PBXNativeTarget "WeatherTests" */ = {
			isa = XCConfigurationList;
			buildConfigurations = (
				BE54452D1D98371C0050AA67 /* Debug */,
				BE54452E1D98371C0050AA67 /* Release */,
			);
			defaultConfigurationIsVisible = 0;
			defaultConfigurationName = Release;
		};
		BE54452F1D98371C0050AA67 /* Build configuration list for PBXNativeTarget "WeatherUITests" */ = {
			isa = XCConfigurationList;
			buildConfigurations = (
				BE5445301D98371C0050AA67 /* Debug */,
				BE5445311D98371C0050AA67 /* Release */,
			);
			defaultConfigurationIsVisible = 0;
			defaultConfigurationName = Release;
		};
/* End XCConfigurationList section */
	};
	rootObject = BE5444F71D98371C0050AA67 /* Project object */;
}
